// !$*UTF8*$!
{
	archiveVersion = 1;
	classes = {
	};
	objectVersion = 77;
	objects = {

/* Begin PBXContainerItemProxy section */
		1A2363632D573AFD00671BEE /* PBXContainerItemProxy */ = {
			isa = PBXContainerItemProxy;
			containerPortal = 1A2363472D573AFB00671BEE /* Project object */;
			proxyType = 1;
			remoteGlobalIDString = 1A23634E2D573AFB00671BEE;
			remoteInfo = NinLog;
		};
		1A23636D2D573AFD00671BEE /* PBXContainerItemProxy */ = {
			isa = PBXContainerItemProxy;
			containerPortal = 1A2363472D573AFB00671BEE /* Project object */;
			proxyType = 1;
			remoteGlobalIDString = 1A23634E2D573AFB00671BEE;
			remoteInfo = NinLog;
		};
/* End PBXContainerItemProxy section */

/* Begin PBXFileReference section */
		1A23634F2D573AFB00671BEE /* NinLog.app */ = {isa = PBXFileReference; explicitFileType = wrapper.application; includeInIndex = 0; path = NinLog.app; sourceTree = BUILT_PRODUCTS_DIR; };
		1A2363622D573AFD00671BEE /* NinLogTests.xctest */ = {isa = PBXFileReference; explicitFileType = wrapper.cfbundle; includeInIndex = 0; path = NinLogTests.xctest; sourceTree = BUILT_PRODUCTS_DIR; };
		1A23636C2D573AFD00671BEE /* NinLogUITests.xctest */ = {isa = PBXFileReference; explicitFileType = wrapper.cfbundle; includeInIndex = 0; path = NinLogUITests.xctest; sourceTree = BUILT_PRODUCTS_DIR; };
/* End PBXFileReference section */

/* Begin PBXFileSystemSynchronizedBuildFileExceptionSet section */
		1A2364B32D57978600671BEE /* Exceptions for "NinLog" folder in "NinLog" target */ = {
			isa = PBXFileSystemSynchronizedBuildFileExceptionSet;
			membershipExceptions = (
				Info.plist,
			);
			target = 1A23634E2D573AFB00671BEE /* NinLog */;
		};
/* End PBXFileSystemSynchronizedBuildFileExceptionSet section */

/* Begin PBXFileSystemSynchronizedRootGroup section */
		1A2363512D573AFB00671BEE /* NinLog */ = {
			isa = PBXFileSystemSynchronizedRootGroup;
			exceptions = (
				1A2364B32D57978600671BEE /* Exceptions for "NinLog" folder in "NinLog" target */,
			);
			path = NinLog;
			sourceTree = "<group>";
		};
		1A2363652D573AFD00671BEE /* NinLogTests */ = {
			isa = PBXFileSystemSynchronizedRootGroup;
			path = NinLogTests;
			sourceTree = "<group>";
		};
		1A23636F2D573AFD00671BEE /* NinLogUITests */ = {
			isa = PBXFileSystemSynchronizedRootGroup;
			path = NinLogUITests;
			sourceTree = "<group>";
		};
/* End PBXFileSystemSynchronizedRootGroup section */

/* Begin PBXFrameworksBuildPhase section */
		1A23634C2D573AFB00671BEE /* Frameworks */ = {
			isa = PBXFrameworksBuildPhase;
			buildActionMask = 2147483647;
			files = (
			);
			runOnlyForDeploymentPostprocessing = 0;
		};
		1A23635F2D573AFD00671BEE /* Frameworks */ = {
			isa = PBXFrameworksBuildPhase;
			buildActionMask = 2147483647;
			files = (
			);
			runOnlyForDeploymentPostprocessing = 0;
		};
		1A2363692D573AFD00671BEE /* Frameworks */ = {
			isa = PBXFrameworksBuildPhase;
			buildActionMask = 2147483647;
			files = (
			);
			runOnlyForDeploymentPostprocessing = 0;
		};
/* End PBXFrameworksBuildPhase section */

/* Begin PBXGroup section */
		1A2363462D573AFB00671BEE = {
			isa = PBXGroup;
			children = (
				1A2363512D573AFB00671BEE /* NinLog */,
				1A2363652D573AFD00671BEE /* NinLogTests */,
				1A23636F2D573AFD00671BEE /* NinLogUITests */,
				1A2363502D573AFB00671BEE /* Products */,
			);
			sourceTree = "<group>";
		};
		1A2363502D573AFB00671BEE /* Products */ = {
			isa = PBXGroup;
			children = (
				1A23634F2D573AFB00671BEE /* NinLog.app */,
				1A2363622D573AFD00671BEE /* NinLogTests.xctest */,
				1A23636C2D573AFD00671BEE /* NinLogUITests.xctest */,
			);
			name = Products;
			sourceTree = "<group>";
		};
/* End PBXGroup section */

/* Begin PBXNativeTarget section */
		1A23634E2D573AFB00671BEE /* NinLog */ = {
			isa = PBXNativeTarget;
			buildConfigurationList = 1A2363762D573AFD00671BEE /* Build configuration list for PBXNativeTarget "NinLog" */;
			buildPhases = (
				1A23634B2D573AFB00671BEE /* Sources */,
				1A23634C2D573AFB00671BEE /* Frameworks */,
				1A23634D2D573AFB00671BEE /* Resources */,
			);
			buildRules = (
			);
			dependencies = (
			);
			fileSystemSynchronizedGroups = (
				1A2363512D573AFB00671BEE /* NinLog */,
			);
			name = NinLog;
			packageProductDependencies = (
			);
			productName = NinLog;
			productReference = 1A23634F2D573AFB00671BEE /* NinLog.app */;
			productType = "com.apple.product-type.application";
		};
		1A2363612D573AFD00671BEE /* NinLogTests */ = {
			isa = PBXNativeTarget;
			buildConfigurationList = 1A2363792D573AFD00671BEE /* Build configuration list for PBXNativeTarget "NinLogTests" */;
			buildPhases = (
				1A23635E2D573AFD00671BEE /* Sources */,
				1A23635F2D573AFD00671BEE /* Frameworks */,
				1A2363602D573AFD00671BEE /* Resources */,
			);
			buildRules = (
			);
			dependencies = (
				1A2363642D573AFD00671BEE /* PBXTargetDependency */,
			);
			fileSystemSynchronizedGroups = (
				1A2363652D573AFD00671BEE /* NinLogTests */,
			);
			name = NinLogTests;
			packageProductDependencies = (
			);
			productName = NinLogTests;
			productReference = 1A2363622D573AFD00671BEE /* NinLogTests.xctest */;
			productType = "com.apple.product-type.bundle.unit-test";
		};
		1A23636B2D573AFD00671BEE /* NinLogUITests */ = {
			isa = PBXNativeTarget;
			buildConfigurationList = 1A23637C2D573AFD00671BEE /* Build configuration list for PBXNativeTarget "NinLogUITests" */;
			buildPhases = (
				1A2363682D573AFD00671BEE /* Sources */,
				1A2363692D573AFD00671BEE /* Frameworks */,
				1A23636A2D573AFD00671BEE /* Resources */,
			);
			buildRules = (
			);
			dependencies = (
				1A23636E2D573AFD00671BEE /* PBXTargetDependency */,
			);
			fileSystemSynchronizedGroups = (
				1A23636F2D573AFD00671BEE /* NinLogUITests */,
			);
			name = NinLogUITests;
			packageProductDependencies = (
			);
			productName = NinLogUITests;
			productReference = 1A23636C2D573AFD00671BEE /* NinLogUITests.xctest */;
			productType = "com.apple.product-type.bundle.ui-testing";
		};
/* End PBXNativeTarget section */

/* Begin PBXProject section */
		1A2363472D573AFB00671BEE /* Project object */ = {
			isa = PBXProject;
			attributes = {
				BuildIndependentTargetsInParallel = 1;
				LastSwiftUpdateCheck = 1620;
				LastUpgradeCheck = 1620;
				TargetAttributes = {
					1A23634E2D573AFB00671BEE = {
						CreatedOnToolsVersion = 16.2;
					};
					1A2363612D573AFD00671BEE = {
						CreatedOnToolsVersion = 16.2;
						TestTargetID = 1A23634E2D573AFB00671BEE;
					};
					1A23636B2D573AFD00671BEE = {
						CreatedOnToolsVersion = 16.2;
						TestTargetID = 1A23634E2D573AFB00671BEE;
					};
				};
			};
			buildConfigurationList = 1A23634A2D573AFB00671BEE /* Build configuration list for PBXProject "NinLog" */;
			developmentRegion = en;
			hasScannedForEncodings = 0;
			knownRegions = (
				en,
				Base,
			);
			mainGroup = 1A2363462D573AFB00671BEE;
			minimizedProjectReferenceProxies = 1;
			preferredProjectObjectVersion = 77;
			productRefGroup = 1A2363502D573AFB00671BEE /* Products */;
			projectDirPath = "";
			projectRoot = "";
			targets = (
				1A23634E2D573AFB00671BEE /* NinLog */,
				1A2363612D573AFD00671BEE /* NinLogTests */,
				1A23636B2D573AFD00671BEE /* NinLogUITests */,
			);
		};
/* End PBXProject section */

/* Begin PBXResourcesBuildPhase section */
		1A23634D2D573AFB00671BEE /* Resources */ = {
			isa = PBXResourcesBuildPhase;
			buildActionMask = 2147483647;
			files = (
			);
			runOnlyForDeploymentPostprocessing = 0;
		};
		1A2363602D573AFD00671BEE /* Resources */ = {
			isa = PBXResourcesBuildPhase;
			buildActionMask = 2147483647;
			files = (
			);
			runOnlyForDeploymentPostprocessing = 0;
		};
		1A23636A2D573AFD00671BEE /* Resources */ = {
			isa = PBXResourcesBuildPhase;
			buildActionMask = 2147483647;
			files = (
			);
			runOnlyForDeploymentPostprocessing = 0;
		};
/* End PBXResourcesBuildPhase section */

/* Begin PBXSourcesBuildPhase section */
		1A23634B2D573AFB00671BEE /* Sources */ = {
			isa = PBXSourcesBuildPhase;
			buildActionMask = 2147483647;
			files = (
			);
			runOnlyForDeploymentPostprocessing = 0;
		};
		1A23635E2D573AFD00671BEE /* Sources */ = {
			isa = PBXSourcesBuildPhase;
			buildActionMask = 2147483647;
			files = (
			);
			runOnlyForDeploymentPostprocessing = 0;
		};
		1A2363682D573AFD00671BEE /* Sources */ = {
			isa = PBXSourcesBuildPhase;
			buildActionMask = 2147483647;
			files = (
			);
			runOnlyForDeploymentPostprocessing = 0;
		};
/* End PBXSourcesBuildPhase section */

/* Begin PBXTargetDependency section */
		1A2363642D573AFD00671BEE /* PBXTargetDependency */ = {
			isa = PBXTargetDependency;
			target = 1A23634E2D573AFB00671BEE /* NinLog */;
			targetProxy = 1A2363632D573AFD00671BEE /* PBXContainerItemProxy */;
		};
		1A23636E2D573AFD00671BEE /* PBXTargetDependency */ = {
			isa = PBXTargetDependency;
			target = 1A23634E2D573AFB00671BEE /* NinLog */;
			targetProxy = 1A23636D2D573AFD00671BEE /* PBXContainerItemProxy */;
		};
/* End PBXTargetDependency section */

/* Begin XCBuildConfiguration section */
		1A2363742D573AFD00671BEE /* Debug */ = {
			isa = XCBuildConfiguration;
			buildSettings = {
				ALWAYS_SEARCH_USER_PATHS = NO;
				ASSETCATALOG_COMPILER_GENERATE_SWIFT_ASSET_SYMBOL_EXTENSIONS = YES;
				CLANG_ANALYZER_NONNULL = YES;
				CLANG_ANALYZER_NUMBER_OBJECT_CONVERSION = YES_AGGRESSIVE;
				CLANG_CXX_LANGUAGE_STANDARD = "gnu++20";
				CLANG_ENABLE_MODULES = YES;
				CLANG_ENABLE_OBJC_ARC = YES;
				CLANG_ENABLE_OBJC_WEAK = YES;
				CLANG_WARN_BLOCK_CAPTURE_AUTORELEASING = YES;
				CLANG_WARN_BOOL_CONVERSION = YES;
				CLANG_WARN_COMMA = YES;
				CLANG_WARN_CONSTANT_CONVERSION = YES;
				CLANG_WARN_DEPRECATED_OBJC_IMPLEMENTATIONS = YES;
				CLANG_WARN_DIRECT_OBJC_ISA_USAGE = YES_ERROR;
				CLANG_WARN_DOCUMENTATION_COMMENTS = YES;
				CLANG_WARN_EMPTY_BODY = YES;
				CLANG_WARN_ENUM_CONVERSION = YES;
				CLANG_WARN_INFINITE_RECURSION = YES;
				CLANG_WARN_INT_CONVERSION = YES;
				CLANG_WARN_NON_LITERAL_NULL_CONVERSION = YES;
				CLANG_WARN_OBJC_IMPLICIT_RETAIN_SELF = YES;
				CLANG_WARN_OBJC_LITERAL_CONVERSION = YES;
				CLANG_WARN_OBJC_ROOT_CLASS = YES_ERROR;
				CLANG_WARN_QUOTED_INCLUDE_IN_FRAMEWORK_HEADER = YES;
				CLANG_WARN_RANGE_LOOP_ANALYSIS = YES;
				CLANG_WARN_STRICT_PROTOTYPES = YES;
				CLANG_WARN_SUSPICIOUS_MOVE = YES;
				CLANG_WARN_UNGUARDED_AVAILABILITY = YES_AGGRESSIVE;
				CLANG_WARN_UNREACHABLE_CODE = YES;
				CLANG_WARN__DUPLICATE_METHOD_MATCH = YES;
				COPY_PHASE_STRIP = NO;
				DEBUG_INFORMATION_FORMAT = dwarf;
				ENABLE_STRICT_OBJC_MSGSEND = YES;
				ENABLE_TESTABILITY = YES;
				ENABLE_USER_SCRIPT_SANDBOXING = YES;
				GCC_C_LANGUAGE_STANDARD = gnu17;
				GCC_DYNAMIC_NO_PIC = NO;
				GCC_NO_COMMON_BLOCKS = YES;
				GCC_OPTIMIZATION_LEVEL = 0;
				GCC_PREPROCESSOR_DEFINITIONS = (
					"DEBUG=1",
					"$(inherited)",
				);
				GCC_WARN_64_TO_32_BIT_CONVERSION = YES;
				GCC_WARN_ABOUT_RETURN_TYPE = YES_ERROR;
				GCC_WARN_UNDECLARED_SELECTOR = YES;
				GCC_WARN_UNINITIALIZED_AUTOS = YES_AGGRESSIVE;
				GCC_WARN_UNUSED_FUNCTION = YES;
				GCC_WARN_UNUSED_VARIABLE = YES;
				LOCALIZATION_PREFERS_STRING_CATALOGS = YES;
				MACOSX_DEPLOYMENT_TARGET = 15.2;
				MTL_ENABLE_DEBUG_INFO = INCLUDE_SOURCE;
				MTL_FAST_MATH = YES;
				ONLY_ACTIVE_ARCH = YES;
				SDKROOT = macosx;
				SWIFT_ACTIVE_COMPILATION_CONDITIONS = "DEBUG $(inherited)";
				SWIFT_OPTIMIZATION_LEVEL = "-Onone";
			};
			name = Debug;
		};
		1A2363752D573AFD00671BEE /* Release */ = {
			isa = XCBuildConfiguration;
			buildSettings = {
				ALWAYS_SEARCH_USER_PATHS = NO;
				ASSETCATALOG_COMPILER_GENERATE_SWIFT_ASSET_SYMBOL_EXTENSIONS = YES;
				CLANG_ANALYZER_NONNULL = YES;
				CLANG_ANALYZER_NUMBER_OBJECT_CONVERSION = YES_AGGRESSIVE;
				CLANG_CXX_LANGUAGE_STANDARD = "gnu++20";
				CLANG_ENABLE_MODULES = YES;
				CLANG_ENABLE_OBJC_ARC = YES;
				CLANG_ENABLE_OBJC_WEAK = YES;
				CLANG_WARN_BLOCK_CAPTURE_AUTORELEASING = YES;
				CLANG_WARN_BOOL_CONVERSION = YES;
				CLANG_WARN_COMMA = YES;
				CLANG_WARN_CONSTANT_CONVERSION = YES;
				CLANG_WARN_DEPRECATED_OBJC_IMPLEMENTATIONS = YES;
				CLANG_WARN_DIRECT_OBJC_ISA_USAGE = YES_ERROR;
				CLANG_WARN_DOCUMENTATION_COMMENTS = YES;
				CLANG_WARN_EMPTY_BODY = YES;
				CLANG_WARN_ENUM_CONVERSION = YES;
				CLANG_WARN_INFINITE_RECURSION = YES;
				CLANG_WARN_INT_CONVERSION = YES;
				CLANG_WARN_NON_LITERAL_NULL_CONVERSION = YES;
				CLANG_WARN_OBJC_IMPLICIT_RETAIN_SELF = YES;
				CLANG_WARN_OBJC_LITERAL_CONVERSION = YES;
				CLANG_WARN_OBJC_ROOT_CLASS = YES_ERROR;
				CLANG_WARN_QUOTED_INCLUDE_IN_FRAMEWORK_HEADER = YES;
				CLANG_WARN_RANGE_LOOP_ANALYSIS = YES;
				CLANG_WARN_STRICT_PROTOTYPES = YES;
				CLANG_WARN_SUSPICIOUS_MOVE = YES;
				CLANG_WARN_UNGUARDED_AVAILABILITY = YES_AGGRESSIVE;
				CLANG_WARN_UNREACHABLE_CODE = YES;
				CLANG_WARN__DUPLICATE_METHOD_MATCH = YES;
				COPY_PHASE_STRIP = NO;
				DEBUG_INFORMATION_FORMAT = "dwarf-with-dsym";
				ENABLE_NS_ASSERTIONS = NO;
				ENABLE_STRICT_OBJC_MSGSEND = YES;
				ENABLE_USER_SCRIPT_SANDBOXING = YES;
				GCC_C_LANGUAGE_STANDARD = gnu17;
				GCC_NO_COMMON_BLOCKS = YES;
				GCC_WARN_64_TO_32_BIT_CONVERSION = YES;
				GCC_WARN_ABOUT_RETURN_TYPE = YES_ERROR;
				GCC_WARN_UNDECLARED_SELECTOR = YES;
				GCC_WARN_UNINITIALIZED_AUTOS = YES_AGGRESSIVE;
				GCC_WARN_UNUSED_FUNCTION = YES;
				GCC_WARN_UNUSED_VARIABLE = YES;
				LOCALIZATION_PREFERS_STRING_CATALOGS = YES;
				MACOSX_DEPLOYMENT_TARGET = 15.2;
				MTL_ENABLE_DEBUG_INFO = NO;
				MTL_FAST_MATH = YES;
				SDKROOT = macosx;
				SWIFT_COMPILATION_MODE = wholemodule;
			};
			name = Release;
		};
		1A2363772D573AFD00671BEE /* Debug */ = {
			isa = XCBuildConfiguration;
			buildSettings = {
				ASSETCATALOG_COMPILER_APPICON_NAME = AppIcon;
				ASSETCATALOG_COMPILER_GLOBAL_ACCENT_COLOR_NAME = AccentColor;
				CODE_SIGN_ENTITLEMENTS = NinLog/NinLog.entitlements;
				CODE_SIGN_STYLE = Automatic;
				COMBINE_HIDPI_IMAGES = YES;
				CURRENT_PROJECT_VERSION = 6;
				DEVELOPMENT_ASSET_PATHS = "\"NinLog/Preview Content\"";
				DEVELOPMENT_TEAM = 837FGU99PT;
				ENABLE_HARDENED_RUNTIME = YES;
				ENABLE_PREVIEWS = YES;
				GENERATE_INFOPLIST_FILE = YES;
				INFOPLIST_FILE = NinLog/Info.plist;
				INFOPLIST_KEY_CFBundleDisplayName = NinLog;
				INFOPLIST_KEY_LSApplicationCategoryType = "public.app-category.developer-tools";
				INFOPLIST_KEY_LSUIElement = YES;
				INFOPLIST_KEY_NSAppleEventsUsageDescription = "此應用程式需要存取系統事件以追蹤您的輸入行為";
				INFOPLIST_KEY_NSHumanReadableCopyright = "";
				LD_RUNPATH_SEARCH_PATHS = (
					"$(inherited)",
					"@executable_path/../Frameworks",
				);
				MACOSX_DEPLOYMENT_TARGET = 14.0;
				MARKETING_VERSION = 0.1.1;
				PRODUCT_BUNDLE_IDENTIFIER = com.pardn.io.NinLog;
				PRODUCT_NAME = "$(TARGET_NAME)";
				SWIFT_EMIT_LOC_STRINGS = YES;
				SWIFT_VERSION = 5.0;
			};
			name = Debug;
		};
		1A2363782D573AFD00671BEE /* Release */ = {
			isa = XCBuildConfiguration;
			buildSettings = {
				ASSETCATALOG_COMPILER_APPICON_NAME = AppIcon;
				ASSETCATALOG_COMPILER_GLOBAL_ACCENT_COLOR_NAME = AccentColor;
				CODE_SIGN_ENTITLEMENTS = NinLog/NinLog.entitlements;
				CODE_SIGN_STYLE = Automatic;
				COMBINE_HIDPI_IMAGES = YES;
				CURRENT_PROJECT_VERSION = 6;
				DEVELOPMENT_ASSET_PATHS = "\"NinLog/Preview Content\"";
				DEVELOPMENT_TEAM = 837FGU99PT;
				ENABLE_HARDENED_RUNTIME = YES;
				ENABLE_PREVIEWS = YES;
				GENERATE_INFOPLIST_FILE = YES;
				INFOPLIST_FILE = NinLog/Info.plist;
				INFOPLIST_KEY_CFBundleDisplayName = NinLog;
				INFOPLIST_KEY_LSApplicationCategoryType = "public.app-category.developer-tools";
				INFOPLIST_KEY_LSUIElement = YES;
				INFOPLIST_KEY_NSAppleEventsUsageDescription = "此應用程式需要存取系統事件以追蹤您的輸入行為";
				INFOPLIST_KEY_NSHumanReadableCopyright = "";
				LD_RUNPATH_SEARCH_PATHS = (
					"$(inherited)",
					"@executable_path/../Frameworks",
				);
				MACOSX_DEPLOYMENT_TARGET = 14.0;
				MARKETING_VERSION = 0.1.1;
				PRODUCT_BUNDLE_IDENTIFIER = com.pardn.io.NinLog;
				PRODUCT_NAME = "$(TARGET_NAME)";
				SWIFT_EMIT_LOC_STRINGS = YES;
				SWIFT_VERSION = 5.0;
			};
			name = Release;
		};
		1A23637A2D573AFD00671BEE /* Debug */ = {
			isa = XCBuildConfiguration;
			buildSettings = {
				BUNDLE_LOADER = "$(TEST_HOST)";
				CODE_SIGN_STYLE = Automatic;
				CURRENT_PROJECT_VERSION = 1;
				DEVELOPMENT_TEAM = 837FGU99PT;
				GENERATE_INFOPLIST_FILE = YES;
				MACOSX_DEPLOYMENT_TARGET = 14.0;
				MARKETING_VERSION = 1.0;
				PRODUCT_BUNDLE_IDENTIFIER = com.pardn.io.NinLogTests;
				PRODUCT_NAME = "$(TARGET_NAME)";
				SWIFT_EMIT_LOC_STRINGS = NO;
				SWIFT_VERSION = 5.0;
				TEST_HOST = "$(BUILT_PRODUCTS_DIR)/NinLog.app/$(BUNDLE_EXECUTABLE_FOLDER_PATH)/NinLog";
			};
			name = Debug;
		};
		1A23637B2D573AFD00671BEE /* Release */ = {
			isa = XCBuildConfiguration;
			buildSettings = {
				BUNDLE_LOADER = "$(TEST_HOST)";
				CODE_SIGN_STYLE = Automatic;
				CURRENT_PROJECT_VERSION = 1;
				DEVELOPMENT_TEAM = 837FGU99PT;
				GENERATE_INFOPLIST_FILE = YES;
				MACOSX_DEPLOYMENT_TARGET = 14.0;
				MARKETING_VERSION = 1.0;
				PRODUCT_BUNDLE_IDENTIFIER = com.pardn.io.NinLogTests;
				PRODUCT_NAME = "$(TARGET_NAME)";
				SWIFT_EMIT_LOC_STRINGS = NO;
				SWIFT_VERSION = 5.0;
				TEST_HOST = "$(BUILT_PRODUCTS_DIR)/NinLog.app/$(BUNDLE_EXECUTABLE_FOLDER_PATH)/NinLog";
			};
			name = Release;
		};
		1A23637D2D573AFD00671BEE /* Debug */ = {
			isa = XCBuildConfiguration;
			buildSettings = {
				CODE_SIGN_STYLE = Automatic;
				CURRENT_PROJECT_VERSION = 1;
				DEVELOPMENT_TEAM = 837FGU99PT;
				GENERATE_INFOPLIST_FILE = YES;
				MARKETING_VERSION = 1.0;
				PRODUCT_BUNDLE_IDENTIFIER = com.pardn.io.NinLogUITests;
				PRODUCT_NAME = "$(TARGET_NAME)";
				SWIFT_EMIT_LOC_STRINGS = NO;
				SWIFT_VERSION = 5.0;
				TEST_TARGET_NAME = NinLog;
			};
			name = Debug;
		};
		1A23637E2D573AFD00671BEE /* Release */ = {
			isa = XCBuildConfiguration;
			buildSettings = {
				CODE_SIGN_STYLE = Automatic;
				CURRENT_PROJECT_VERSION = 1;
				DEVELOPMENT_TEAM = 837FGU99PT;
				GENERATE_INFOPLIST_FILE = YES;
				MARKETING_VERSION = 1.0;
				PRODUCT_BUNDLE_IDENTIFIER = com.pardn.io.NinLogUITests;
				PRODUCT_NAME = "$(TARGET_NAME)";
				SWIFT_EMIT_LOC_STRINGS = NO;
				SWIFT_VERSION = 5.0;
				TEST_TARGET_NAME = NinLog;
			};
			name = Release;
		};
/* End XCBuildConfiguration section */

/* Begin XCConfigurationList section */
		1A23634A2D573AFB00671BEE /* Build configuration list for PBXProject "NinLog" */ = {
			isa = XCConfigurationList;
			buildConfigurations = (
				1A2363742D573AFD00671BEE /* Debug */,
				1A2363752D573AFD00671BEE /* Release */,
			);
			defaultConfigurationIsVisible = 0;
			defaultConfigurationName = Release;
		};
		1A2363762D573AFD00671BEE /* Build configuration list for PBXNativeTarget "NinLog" */ = {
			isa = XCConfigurationList;
			buildConfigurations = (
				1A2363772D573AFD00671BEE /* Debug */,
				1A2363782D573AFD00671BEE /* Release */,
			);
			defaultConfigurationIsVisible = 0;
			defaultConfigurationName = Release;
		};
		1A2363792D573AFD00671BEE /* Build configuration list for PBXNativeTarget "NinLogTests" */ = {
			isa = XCConfigurationList;
			buildConfigurations = (
				1A23637A2D573AFD00671BEE /* Debug */,
				1A23637B2D573AFD00671BEE /* Release */,
			);
			defaultConfigurationIsVisible = 0;
			defaultConfigurationName = Release;
		};
		1A23637C2D573AFD00671BEE /* Build configuration list for PBXNativeTarget "NinLogUITests" */ = {
			isa = XCConfigurationList;
			buildConfigurations = (
				1A23637D2D573AFD00671BEE /* Debug */,
				1A23637E2D573AFD00671BEE /* Release */,
			);
			defaultConfigurationIsVisible = 0;
			defaultConfigurationName = Release;
		};
/* End XCConfigurationList section */
	};
	rootObject = 1A2363472D573AFB00671BEE /* Project object */;
}
